// !$*UTF8*$!
{
	archiveVersion = 1;
	classes = {
	};
	objectVersion = 55;
	objects = {

/* Begin PBXBuildFile section */
		BE6DEDB9297430C70010075E /* ViewList.swift in Sources */ = {isa = PBXBuildFile; fileRef = BE6DEDB8297430C70010075E /* ViewList.swift */; };
		BE6DEDBD2974775D0010075E /* ViewPhrases.swift in Sources */ = {isa = PBXBuildFile; fileRef = BE6DEDBC2974775D0010075E /* ViewPhrases.swift */; };
		BE6DEDBF297497930010075E /* ViewAddDigits.swift in Sources */ = {isa = PBXBuildFile; fileRef = BE6DEDBE297497930010075E /* ViewAddDigits.swift */; };
		BE75846B297F2633006C6732 /* ViewPizzas.swift in Sources */ = {isa = PBXBuildFile; fileRef = BE75846A297F2633006C6732 /* ViewPizzas.swift */; };
		BE75846D297F28BA006C6732 /* Names.swift in Sources */ = {isa = PBXBuildFile; fileRef = BE75846C297F28BA006C6732 /* Names.swift */; };
		BE75846F297F38D6006C6732 /* newNameModel.swift in Sources */ = {isa = PBXBuildFile; fileRef = BE75846E297F38D6006C6732 /* newNameModel.swift */; };
		BEB2E47C29730F0500E9048D /* CWC_Receta_ChallengesApp.swift in Sources */ = {isa = PBXBuildFile; fileRef = BEB2E47B29730F0500E9048D /* CWC_Receta_ChallengesApp.swift */; };
		BEB2E47E29730F0500E9048D /* ContentView.swift in Sources */ = {isa = PBXBuildFile; fileRef = BEB2E47D29730F0500E9048D /* ContentView.swift */; };
		BEB2E48029730F0500E9048D /* Assets.xcassets in Resources */ = {isa = PBXBuildFile; fileRef = BEB2E47F29730F0500E9048D /* Assets.xcassets */; };
		BEB2E48329730F0500E9048D /* Preview Assets.xcassets in Resources */ = {isa = PBXBuildFile; fileRef = BEB2E48229730F0500E9048D /* Preview Assets.xcassets */; };
		BED3D02C297CBD7300416260 /* BasicBtnStyle.swift in Sources */ = {isa = PBXBuildFile; fileRef = BED3D02B297CBD7300416260 /* BasicBtnStyle.swift */; };
		BEDBE8E4297C3F0E009233A0 /* ViewTypeOfPerson.swift in Sources */ = {isa = PBXBuildFile; fileRef = BEDBE8E3297C3F0E009233A0 /* ViewTypeOfPerson.swift */; };
		BEDBE8E6297C5601009233A0 /* ViewStructVSClass.swift in Sources */ = {isa = PBXBuildFile; fileRef = BEDBE8E5297C5601009233A0 /* ViewStructVSClass.swift */; };
		BEDBE8FC297C7F3B009233A0 /* Pizza.swift in Sources */ = {isa = PBXBuildFile; fileRef = BEDBE8FB297C7F3B009233A0 /* Pizza.swift */; };
		BEDBE900297C802A009233A0 /* PizzaModel.swift in Sources */ = {isa = PBXBuildFile; fileRef = BEDBE8FF297C802A009233A0 /* PizzaModel.swift */; };
		BEDC16B629815F9400716AC5 /* pizza.json in Resources */ = {isa = PBXBuildFile; fileRef = BEDC16B529815F9400716AC5 /* pizza.json */; };
/* End PBXBuildFile section */

/* Begin PBXFileReference section */
		BE6DEDB8297430C70010075E /* ViewList.swift */ = {isa = PBXFileReference; lastKnownFileType = sourcecode.swift; path = ViewList.swift; sourceTree = "<group>"; };
		BE6DEDBC2974775D0010075E /* ViewPhrases.swift */ = {isa = PBXFileReference; lastKnownFileType = sourcecode.swift; path = ViewPhrases.swift; sourceTree = "<group>"; };
		BE6DEDBE297497930010075E /* ViewAddDigits.swift */ = {isa = PBXFileReference; lastKnownFileType = sourcecode.swift; path = ViewAddDigits.swift; sourceTree = "<group>"; };
		BE75846A297F2633006C6732 /* ViewPizzas.swift */ = {isa = PBXFileReference; lastKnownFileType = sourcecode.swift; path = ViewPizzas.swift; sourceTree = "<group>"; };
		BE75846C297F28BA006C6732 /* Names.swift */ = {isa = PBXFileReference; lastKnownFileType = sourcecode.swift; path = Names.swift; sourceTree = "<group>"; };
		BE75846E297F38D6006C6732 /* newNameModel.swift */ = {isa = PBXFileReference; lastKnownFileType = sourcecode.swift; path = newNameModel.swift; sourceTree = "<group>"; };
		BEB2E47829730F0500E9048D /* CWC-Receta-Challenges.app */ = {isa = PBXFileReference; explicitFileType = wrapper.application; includeInIndex = 0; path = "CWC-Receta-Challenges.app"; sourceTree = BUILT_PRODUCTS_DIR; };
		BEB2E47B29730F0500E9048D /* CWC_Receta_ChallengesApp.swift */ = {isa = PBXFileReference; lastKnownFileType = sourcecode.swift; path = CWC_Receta_ChallengesApp.swift; sourceTree = "<group>"; };
		BEB2E47D29730F0500E9048D /* ContentView.swift */ = {isa = PBXFileReference; lastKnownFileType = sourcecode.swift; path = ContentView.swift; sourceTree = "<group>"; };
		BEB2E47F29730F0500E9048D /* Assets.xcassets */ = {isa = PBXFileReference; lastKnownFileType = folder.assetcatalog; path = Assets.xcassets; sourceTree = "<group>"; };
		BEB2E48229730F0500E9048D /* Preview Assets.xcassets */ = {isa = PBXFileReference; lastKnownFileType = folder.assetcatalog; path = "Preview Assets.xcassets"; sourceTree = "<group>"; };
		BED3D02B297CBD7300416260 /* BasicBtnStyle.swift */ = {isa = PBXFileReference; lastKnownFileType = sourcecode.swift; path = BasicBtnStyle.swift; sourceTree = "<group>"; };
		BEDBE8E3297C3F0E009233A0 /* ViewTypeOfPerson.swift */ = {isa = PBXFileReference; lastKnownFileType = sourcecode.swift; path = ViewTypeOfPerson.swift; sourceTree = "<group>"; };
		BEDBE8E5297C5601009233A0 /* ViewStructVSClass.swift */ = {isa = PBXFileReference; lastKnownFileType = sourcecode.swift; path = ViewStructVSClass.swift; sourceTree = "<group>"; };
		BEDBE8FB297C7F3B009233A0 /* Pizza.swift */ = {isa = PBXFileReference; lastKnownFileType = sourcecode.swift; path = Pizza.swift; sourceTree = "<group>"; };
		BEDBE8FF297C802A009233A0 /* PizzaModel.swift */ = {isa = PBXFileReference; lastKnownFileType = sourcecode.swift; path = PizzaModel.swift; sourceTree = "<group>"; };
		BEDC16B529815F9400716AC5 /* pizza.json */ = {isa = PBXFileReference; lastKnownFileType = text.json; path = pizza.json; sourceTree = "<group>"; };
/* End PBXFileReference section */

/* Begin PBXFrameworksBuildPhase section */
		BEB2E47529730F0500E9048D /* Frameworks */ = {
			isa = PBXFrameworksBuildPhase;
			buildActionMask = 2147483647;
			files = (
			);
			runOnlyForDeploymentPostprocessing = 0;
		};
/* End PBXFrameworksBuildPhase section */

/* Begin PBXGroup section */
		BEB2E46F29730F0400E9048D = {
			isa = PBXGroup;
			children = (
				BEB2E47A29730F0500E9048D /* CWC-Receta-Challenges */,
				BEB2E47929730F0500E9048D /* Products */,
			);
			sourceTree = "<group>";
		};
		BEB2E47929730F0500E9048D /* Products */ = {
			isa = PBXGroup;
			children = (
				BEB2E47829730F0500E9048D /* CWC-Receta-Challenges.app */,
			);
			name = Products;
			sourceTree = "<group>";
		};
		BEB2E47A29730F0500E9048D /* CWC-Receta-Challenges */ = {
			isa = PBXGroup;
			children = (
				BEDBE8FA297C7D0A009233A0 /* Views */,
				BEDBE8F8297C7CD2009233A0 /* ViewModels */,
				BEDBE8F9297C7CEF009233A0 /* Models */,
				BEDC16B429815F6700716AC5 /* Data */,
				BEB2E47B29730F0500E9048D /* CWC_Receta_ChallengesApp.swift */,
				BEB2E47F29730F0500E9048D /* Assets.xcassets */,
				BEB2E48129730F0500E9048D /* Preview Content */,
			);
			path = "CWC-Receta-Challenges";
			sourceTree = "<group>";
		};
		BEB2E48129730F0500E9048D /* Preview Content */ = {
			isa = PBXGroup;
			children = (
				BEB2E48229730F0500E9048D /* Preview Assets.xcassets */,
			);
			path = "Preview Content";
			sourceTree = "<group>";
		};
		BEDBE8F8297C7CD2009233A0 /* ViewModels */ = {
			isa = PBXGroup;
			children = (
				BEDBE8FF297C802A009233A0 /* PizzaModel.swift */,
				BE75846E297F38D6006C6732 /* newNameModel.swift */,
			);
			path = ViewModels;
			sourceTree = "<group>";
		};
		BEDBE8F9297C7CEF009233A0 /* Models */ = {
			isa = PBXGroup;
			children = (
				BEDBE8FB297C7F3B009233A0 /* Pizza.swift */,
				BED3D02B297CBD7300416260 /* BasicBtnStyle.swift */,
				BE75846C297F28BA006C6732 /* Names.swift */,
			);
			path = Models;
			sourceTree = "<group>";
		};
		BEDBE8FA297C7D0A009233A0 /* Views */ = {
			isa = PBXGroup;
			children = (
				BEB2E47D29730F0500E9048D /* ContentView.swift */,
				BEDBE8E5297C5601009233A0 /* ViewStructVSClass.swift */,
				BEDBE8E3297C3F0E009233A0 /* ViewTypeOfPerson.swift */,
				BE6DEDBE297497930010075E /* ViewAddDigits.swift */,
				BE6DEDBC2974775D0010075E /* ViewPhrases.swift */,
				BE6DEDB8297430C70010075E /* ViewList.swift */,
				BE75846A297F2633006C6732 /* ViewPizzas.swift */,
			);
			path = Views;
			sourceTree = "<group>";
		};
		BEDC16B429815F6700716AC5 /* Data */ = {
			isa = PBXGroup;
			children = (
				BEDC16B529815F9400716AC5 /* pizza.json */,
			);
			path = Data;
			sourceTree = "<group>";
		};
/* End PBXGroup section */

/* Begin PBXNativeTarget section */
		BEB2E47729730F0500E9048D /* CWC-Receta-Challenges */ = {
			isa = PBXNativeTarget;
			buildConfigurationList = BEB2E48629730F0500E9048D /* Build configuration list for PBXNativeTarget "CWC-Receta-Challenges" */;
			buildPhases = (
				BEB2E47429730F0500E9048D /* Sources */,
				BEB2E47529730F0500E9048D /* Frameworks */,
				BEB2E47629730F0500E9048D /* Resources */,
			);
			buildRules = (
			);
			dependencies = (
			);
			name = "CWC-Receta-Challenges";
			productName = "CWC-Receta-Challenges";
			productReference = BEB2E47829730F0500E9048D /* CWC-Receta-Challenges.app */;
			productType = "com.apple.product-type.application";
		};
/* End PBXNativeTarget section */

/* Begin PBXProject section */
		BEB2E47029730F0400E9048D /* Project object */ = {
			isa = PBXProject;
			attributes = {
				BuildIndependentTargetsInParallel = 1;
				LastSwiftUpdateCheck = 1420;
				LastUpgradeCheck = 1420;
				TargetAttributes = {
					BEB2E47729730F0500E9048D = {
						CreatedOnToolsVersion = 14.2;
					};
				};
			};
			buildConfigurationList = BEB2E47329730F0400E9048D /* Build configuration list for PBXProject "CWC-Receta-Challenges" */;
			compatibilityVersion = "Xcode 13.0";
			developmentRegion = en;
			hasScannedForEncodings = 0;
			knownRegions = (
				en,
				Base,
			);
			mainGroup = BEB2E46F29730F0400E9048D;
			productRefGroup = BEB2E47929730F0500E9048D /* Products */;
			projectDirPath = "";
			projectRoot = "";
			targets = (
				BEB2E47729730F0500E9048D /* CWC-Receta-Challenges */,
			);
		};
/* End PBXProject section */

/* Begin PBXResourcesBuildPhase section */
		BEB2E47629730F0500E9048D /* Resources */ = {
			isa = PBXResourcesBuildPhase;
			buildActionMask = 2147483647;
			files = (
				BEB2E48329730F0500E9048D /* Preview Assets.xcassets in Resources */,
				BEB2E48029730F0500E9048D /* Assets.xcassets in Resources */,
				BEDC16B629815F9400716AC5 /* pizza.json in Resources */,
			);
			runOnlyForDeploymentPostprocessing = 0;
		};
/* End PBXResourcesBuildPhase section */

/* Begin PBXSourcesBuildPhase section */
		BEB2E47429730F0500E9048D /* Sources */ = {
			isa = PBXSourcesBuildPhase;
			buildActionMask = 2147483647;
			files = (
				BE6DEDB9297430C70010075E /* ViewList.swift in Sources */,
				BE6DEDBF297497930010075E /* ViewAddDigits.swift in Sources */,
				BEDBE8E4297C3F0E009233A0 /* ViewTypeOfPerson.swift in Sources */,
				BE75846F297F38D6006C6732 /* newNameModel.swift in Sources */,
				BE75846B297F2633006C6732 /* ViewPizzas.swift in Sources */,
				BE6DEDBD2974775D0010075E /* ViewPhrases.swift in Sources */,
				BEDBE8FC297C7F3B009233A0 /* Pizza.swift in Sources */,
				BE75846D297F28BA006C6732 /* Names.swift in Sources */,
				BEDBE900297C802A009233A0 /* PizzaModel.swift in Sources */,
				BEB2E47E29730F0500E9048D /* ContentView.swift in Sources */,
				BEDBE8E6297C5601009233A0 /* ViewStructVSClass.swift in Sources */,
				BEB2E47C29730F0500E9048D /* CWC_Receta_ChallengesApp.swift in Sources */,
				BED3D02C297CBD7300416260 /* BasicBtnStyle.swift in Sources */,
			);
			runOnlyForDeploymentPostprocessing = 0;
		};
/* End PBXSourcesBuildPhase section */

/* Begin XCBuildConfiguration section */
		BEB2E48429730F0500E9048D /* Debug */ = {
			isa = XCBuildConfiguration;
			buildSettings = {
				ALWAYS_SEARCH_USER_PATHS = NO;
				CLANG_ANALYZER_NONNULL = YES;
				CLANG_ANALYZER_NUMBER_OBJECT_CONVERSION = YES_AGGRESSIVE;
				CLANG_CXX_LANGUAGE_STANDARD = "gnu++20";
				CLANG_ENABLE_MODULES = YES;
				CLANG_ENABLE_OBJC_ARC = YES;
				CLANG_ENABLE_OBJC_WEAK = YES;
				CLANG_WARN_BLOCK_CAPTURE_AUTORELEASING = YES;
				CLANG_WARN_BOOL_CONVERSION = YES;
				CLANG_WARN_COMMA = YES;
				CLANG_WARN_CONSTANT_CONVERSION = YES;
				CLANG_WARN_DEPRECATED_OBJC_IMPLEMENTATIONS = YES;
				CLANG_WARN_DIRECT_OBJC_ISA_USAGE = YES_ERROR;
				CLANG_WARN_DOCUMENTATION_COMMENTS = YES;
				CLANG_WARN_EMPTY_BODY = YES;
				CLANG_WARN_ENUM_CONVERSION = YES;
				CLANG_WARN_INFINITE_RECURSION = YES;
				CLANG_WARN_INT_CONVERSION = YES;
				CLANG_WARN_NON_LITERAL_NULL_CONVERSION = YES;
				CLANG_WARN_OBJC_IMPLICIT_RETAIN_SELF = YES;
				CLANG_WARN_OBJC_LITERAL_CONVERSION = YES;
				CLANG_WARN_OBJC_ROOT_CLASS = YES_ERROR;
				CLANG_WARN_QUOTED_INCLUDE_IN_FRAMEWORK_HEADER = YES;
				CLANG_WARN_RANGE_LOOP_ANALYSIS = YES;
				CLANG_WARN_STRICT_PROTOTYPES = YES;
				CLANG_WARN_SUSPICIOUS_MOVE = YES;
				CLANG_WARN_UNGUARDED_AVAILABILITY = YES_AGGRESSIVE;
				CLANG_WARN_UNREACHABLE_CODE = YES;
				CLANG_WARN__DUPLICATE_METHOD_MATCH = YES;
				COPY_PHASE_STRIP = NO;
				DEBUG_INFORMATION_FORMAT = dwarf;
				ENABLE_STRICT_OBJC_MSGSEND = YES;
				ENABLE_TESTABILITY = YES;
				GCC_C_LANGUAGE_STANDARD = gnu11;
				GCC_DYNAMIC_NO_PIC = NO;
				GCC_NO_COMMON_BLOCKS = YES;
				GCC_OPTIMIZATION_LEVEL = 0;
				GCC_PREPROCESSOR_DEFINITIONS = (
					"DEBUG=1",
					"$(inherited)",
				);
				GCC_WARN_64_TO_32_BIT_CONVERSION = YES;
				GCC_WARN_ABOUT_RETURN_TYPE = YES_ERROR;
				GCC_WARN_UNDECLARED_SELECTOR = YES;
				GCC_WARN_UNINITIALIZED_AUTOS = YES_AGGRESSIVE;
				GCC_WARN_UNUSED_FUNCTION = YES;
				GCC_WARN_UNUSED_VARIABLE = YES;
				IPHONEOS_DEPLOYMENT_TARGET = 16.2;
				MTL_ENABLE_DEBUG_INFO = INCLUDE_SOURCE;
				MTL_FAST_MATH = YES;
				ONLY_ACTIVE_ARCH = YES;
				SDKROOT = iphoneos;
				SWIFT_ACTIVE_COMPILATION_CONDITIONS = DEBUG;
				SWIFT_OPTIMIZATION_LEVEL = "-Onone";
			};
			name = Debug;
		};
		BEB2E48529730F0500E9048D /* Release */ = {
			isa = XCBuildConfiguration;
			buildSettings = {
				ALWAYS_SEARCH_USER_PATHS = NO;
				CLANG_ANALYZER_NONNULL = YES;
				CLANG_ANALYZER_NUMBER_OBJECT_CONVERSION = YES_AGGRESSIVE;
				CLANG_CXX_LANGUAGE_STANDARD = "gnu++20";
				CLANG_ENABLE_MODULES = YES;
				CLANG_ENABLE_OBJC_ARC = YES;
				CLANG_ENABLE_OBJC_WEAK = YES;
				CLANG_WARN_BLOCK_CAPTURE_AUTORELEASING = YES;
				CLANG_WARN_BOOL_CONVERSION = YES;
				CLANG_WARN_COMMA = YES;
				CLANG_WARN_CONSTANT_CONVERSION = YES;
				CLANG_WARN_DEPRECATED_OBJC_IMPLEMENTATIONS = YES;
				CLANG_WARN_DIRECT_OBJC_ISA_USAGE = YES_ERROR;
				CLANG_WARN_DOCUMENTATION_COMMENTS = YES;
				CLANG_WARN_EMPTY_BODY = YES;
				CLANG_WARN_ENUM_CONVERSION = YES;
				CLANG_WARN_INFINITE_RECURSION = YES;
				CLANG_WARN_INT_CONVERSION = YES;
				CLANG_WARN_NON_LITERAL_NULL_CONVERSION = YES;
				CLANG_WARN_OBJC_IMPLICIT_RETAIN_SELF = YES;
				CLANG_WARN_OBJC_LITERAL_CONVERSION = YES;
				CLANG_WARN_OBJC_ROOT_CLASS = YES_ERROR;
				CLANG_WARN_QUOTED_INCLUDE_IN_FRAMEWORK_HEADER = YES;
				CLANG_WARN_RANGE_LOOP_ANALYSIS = YES;
				CLANG_WARN_STRICT_PROTOTYPES = YES;
				CLANG_WARN_SUSPICIOUS_MOVE = YES;
				CLANG_WARN_UNGUARDED_AVAILABILITY = YES_AGGRESSIVE;
				CLANG_WARN_UNREACHABLE_CODE = YES;
				CLANG_WARN__DUPLICATE_METHOD_MATCH = YES;
				COPY_PHASE_STRIP = NO;
				DEBUG_INFORMATION_FORMAT = "dwarf-with-dsym";
				ENABLE_NS_ASSERTIONS = NO;
				ENABLE_STRICT_OBJC_MSGSEND = YES;
				GCC_C_LANGUAGE_STANDARD = gnu11;
				GCC_NO_COMMON_BLOCKS = YES;
				GCC_WARN_64_TO_32_BIT_CONVERSION = YES;
				GCC_WARN_ABOUT_RETURN_TYPE = YES_ERROR;
				GCC_WARN_UNDECLARED_SELECTOR = YES;
				GCC_WARN_UNINITIALIZED_AUTOS = YES_AGGRESSIVE;
				GCC_WARN_UNUSED_FUNCTION = YES;
				GCC_WARN_UNUSED_VARIABLE = YES;
				IPHONEOS_DEPLOYMENT_TARGET = 16.2;
				MTL_ENABLE_DEBUG_INFO = NO;
				MTL_FAST_MATH = YES;
				SDKROOT = iphoneos;
				SWIFT_COMPILATION_MODE = wholemodule;
				SWIFT_OPTIMIZATION_LEVEL = "-O";
				VALIDATE_PRODUCT = YES;
			};
			name = Release;
		};
		BEB2E48729730F0500E9048D /* Debug */ = {
			isa = XCBuildConfiguration;
			buildSettings = {
				ASSETCATALOG_COMPILER_APPICON_NAME = AppIcon;
				ASSETCATALOG_COMPILER_GLOBAL_ACCENT_COLOR_NAME = AccentColor;
				CODE_SIGN_STYLE = Automatic;
				CURRENT_PROJECT_VERSION = 1;
				DEVELOPMENT_ASSET_PATHS = "\"CWC-Receta-Challenges/Preview Content\"";
				DEVELOPMENT_TEAM = 4H433MS2U4;
				ENABLE_PREVIEWS = YES;
				GENERATE_INFOPLIST_FILE = YES;
				INFOPLIST_KEY_UIApplicationSceneManifest_Generation = YES;
				INFOPLIST_KEY_UIApplicationSupportsIndirectInputEvents = YES;
				INFOPLIST_KEY_UILaunchScreen_Generation = YES;
				INFOPLIST_KEY_UISupportedInterfaceOrientations_iPad = "UIInterfaceOrientationPortrait UIInterfaceOrientationPortraitUpsideDown UIInterfaceOrientationLandscapeLeft UIInterfaceOrientationLandscapeRight";
				INFOPLIST_KEY_UISupportedInterfaceOrientations_iPhone = "UIInterfaceOrientationPortrait UIInterfaceOrientationLandscapeLeft UIInterfaceOrientationLandscapeRight";
				IPHONEOS_DEPLOYMENT_TARGET = 14.5;
				LD_RUNPATH_SEARCH_PATHS = (
					"$(inherited)",
					"@executable_path/Frameworks",
				);
				MARKETING_VERSION = 1.0;
				PRODUCT_BUNDLE_IDENTIFIER = "mgonzalez506.CWC-Receta-Challenges";
				PRODUCT_NAME = "$(TARGET_NAME)";
				SWIFT_EMIT_LOC_STRINGS = YES;
				SWIFT_VERSION = 5.0;
				TARGETED_DEVICE_FAMILY = "1,2";
			};
			name = Debug;
		};
		BEB2E48829730F0500E9048D /* Release */ = {
			isa = XCBuildConfiguration;
			buildSettings = {
				ASSETCATALOG_COMPILER_APPICON_NAME = AppIcon;
				ASSETCATALOG_COMPILER_GLOBAL_ACCENT_COLOR_NAME = AccentColor;
				CODE_SIGN_STYLE = Automatic;
				CURRENT_PROJECT_VERSION = 1;
				DEVELOPMENT_ASSET_PATHS = "\"CWC-Receta-Challenges/Preview Content\"";
				DEVELOPMENT_TEAM = 4H433MS2U4;
				ENABLE_PREVIEWS = YES;
				GENERATE_INFOPLIST_FILE = YES;
				INFOPLIST_KEY_UIApplicationSceneManifest_Generation = YES;
				INFOPLIST_KEY_UIApplicationSupportsIndirectInputEvents = YES;
				INFOPLIST_KEY_UILaunchScreen_Generation = YES;
				INFOPLIST_KEY_UISupportedInterfaceOrientations_iPad = "UIInterfaceOrientationPortrait UIInterfaceOrientationPortraitUpsideDown UIInterfaceOrientationLandscapeLeft UIInterfaceOrientationLandscapeRight";
				INFOPLIST_KEY_UISupportedInterfaceOrientations_iPhone = "UIInterfaceOrientationPortrait UIInterfaceOrientationLandscapeLeft UIInterfaceOrientationLandscapeRight";
				IPHONEOS_DEPLOYMENT_TARGET = 14.5;
				LD_RUNPATH_SEARCH_PATHS = (
					"$(inherited)",
					"@executable_path/Frameworks",
				);
				MARKETING_VERSION = 1.0;
				PRODUCT_BUNDLE_IDENTIFIER = "mgonzalez506.CWC-Receta-Challenges";
				PRODUCT_NAME = "$(TARGET_NAME)";
				SWIFT_EMIT_LOC_STRINGS = YES;
				SWIFT_VERSION = 5.0;
				TARGETED_DEVICE_FAMILY = "1,2";
			};
			name = Release;
		};
/* End XCBuildConfiguration section */

/* Begin XCConfigurationList section */
		BEB2E47329730F0400E9048D /* Build configuration list for PBXProject "CWC-Receta-Challenges" */ = {
			isa = XCConfigurationList;
			buildConfigurations = (
				BEB2E48429730F0500E9048D /* Debug */,
				BEB2E48529730F0500E9048D /* Release */,
			);
			defaultConfigurationIsVisible = 0;
			defaultConfigurationName = Release;
		};
		BEB2E48629730F0500E9048D /* Build configuration list for PBXNativeTarget "CWC-Receta-Challenges" */ = {
			isa = XCConfigurationList;
			buildConfigurations = (
				BEB2E48729730F0500E9048D /* Debug */,
				BEB2E48829730F0500E9048D /* Release */,
			);
			defaultConfigurationIsVisible = 0;
			defaultConfigurationName = Release;
		};
/* End XCConfigurationList section */
	};
	rootObject = BEB2E47029730F0400E9048D /* Project object */;
}
