// !$*UTF8*$!
{
	archiveVersion = 1;
	classes = {
	};
	objectVersion = 55;
	objects = {

/* Begin PBXBuildFile section */
		18C32A092B4B4D5200B4EBEC /* RecipeTabView.swift in Sources */ = {isa = PBXBuildFile; fileRef = 18C32A082B4B4D5200B4EBEC /* RecipeTabView.swift */; };
		BE8394BF29902BA100A97450 /* CWC_RecipeAppApp.swift in Sources */ = {isa = PBXBuildFile; fileRef = BE8394BE29902BA100A97450 /* CWC_RecipeAppApp.swift */; };
		BE8394C129902BA100A97450 /* ContentView.swift in Sources */ = {isa = PBXBuildFile; fileRef = BE8394C029902BA100A97450 /* ContentView.swift */; };
		BE8394C329902BA200A97450 /* Assets.xcassets in Resources */ = {isa = PBXBuildFile; fileRef = BE8394C229902BA200A97450 /* Assets.xcassets */; };
		BE8394C629902BA200A97450 /* Preview Assets.xcassets in Resources */ = {isa = PBXBuildFile; fileRef = BE8394C529902BA200A97450 /* Preview Assets.xcassets */; };
		BE8CE29B2990797B00C80A8C /* Recipe.swift in Sources */ = {isa = PBXBuildFile; fileRef = BE8CE29A2990797B00C80A8C /* Recipe.swift */; };
		BE8CE29D299079A000C80A8C /* recipes.json in Resources */ = {isa = PBXBuildFile; fileRef = BE8CE29C299079A000C80A8C /* recipes.json */; };
		BE8CE29F29907BDB00C80A8C /* RecipeModel.swift in Sources */ = {isa = PBXBuildFile; fileRef = BE8CE29E29907BDB00C80A8C /* RecipeModel.swift */; };
		BE8CE2A229907EA400C80A8C /* DataService.swift in Sources */ = {isa = PBXBuildFile; fileRef = BE8CE2A129907EA400C80A8C /* DataService.swift */; };
		BEFFE39C29CAA0F4007E5B0C /* RecipeDetailView.swift in Sources */ = {isa = PBXBuildFile; fileRef = BEFFE39B29CAA0F4007E5B0C /* RecipeDetailView.swift */; };
/* End PBXBuildFile section */

/* Begin PBXFileReference section */
		18C32A082B4B4D5200B4EBEC /* RecipeTabView.swift */ = {isa = PBXFileReference; lastKnownFileType = sourcecode.swift; path = RecipeTabView.swift; sourceTree = "<group>"; };
		BE8394BB29902BA100A97450 /* CWC-RecipeApp.app */ = {isa = PBXFileReference; explicitFileType = wrapper.application; includeInIndex = 0; path = "CWC-RecipeApp.app"; sourceTree = BUILT_PRODUCTS_DIR; };
		BE8394BE29902BA100A97450 /* CWC_RecipeAppApp.swift */ = {isa = PBXFileReference; lastKnownFileType = sourcecode.swift; path = CWC_RecipeAppApp.swift; sourceTree = "<group>"; };
		BE8394C029902BA100A97450 /* ContentView.swift */ = {isa = PBXFileReference; lastKnownFileType = sourcecode.swift; path = ContentView.swift; sourceTree = "<group>"; };
		BE8394C229902BA200A97450 /* Assets.xcassets */ = {isa = PBXFileReference; lastKnownFileType = folder.assetcatalog; path = Assets.xcassets; sourceTree = "<group>"; };
		BE8394C529902BA200A97450 /* Preview Assets.xcassets */ = {isa = PBXFileReference; lastKnownFileType = folder.assetcatalog; path = "Preview Assets.xcassets"; sourceTree = "<group>"; };
		BE8CE29A2990797B00C80A8C /* Recipe.swift */ = {isa = PBXFileReference; lastKnownFileType = sourcecode.swift; path = Recipe.swift; sourceTree = "<group>"; };
		BE8CE29C299079A000C80A8C /* recipes.json */ = {isa = PBXFileReference; fileEncoding = 4; lastKnownFileType = text.json; path = recipes.json; sourceTree = "<group>"; };
		BE8CE29E29907BDB00C80A8C /* RecipeModel.swift */ = {isa = PBXFileReference; lastKnownFileType = sourcecode.swift; path = RecipeModel.swift; sourceTree = "<group>"; };
		BE8CE2A129907EA400C80A8C /* DataService.swift */ = {isa = PBXFileReference; lastKnownFileType = sourcecode.swift; path = DataService.swift; sourceTree = "<group>"; };
		BEFFE39B29CAA0F4007E5B0C /* RecipeDetailView.swift */ = {isa = PBXFileReference; lastKnownFileType = sourcecode.swift; path = RecipeDetailView.swift; sourceTree = "<group>"; };
/* End PBXFileReference section */

/* Begin PBXFrameworksBuildPhase section */
		BE8394B829902BA100A97450 /* Frameworks */ = {
			isa = PBXFrameworksBuildPhase;
			buildActionMask = 2147483647;
			files = (
			);
			runOnlyForDeploymentPostprocessing = 0;
		};
/* End PBXFrameworksBuildPhase section */

/* Begin PBXGroup section */
		BE8394B229902BA100A97450 = {
			isa = PBXGroup;
			children = (
				BE8394BD29902BA100A97450 /* CWC-RecipeApp */,
				BE8394BC29902BA100A97450 /* Products */,
			);
			sourceTree = "<group>";
		};
		BE8394BC29902BA100A97450 /* Products */ = {
			isa = PBXGroup;
			children = (
				BE8394BB29902BA100A97450 /* CWC-RecipeApp.app */,
			);
			name = Products;
			sourceTree = "<group>";
		};
		BE8394BD29902BA100A97450 /* CWC-RecipeApp */ = {
			isa = PBXGroup;
			children = (
				BE8394BE29902BA100A97450 /* CWC_RecipeAppApp.swift */,
				BE8394CE29902C0600A97450 /* Views */,
				BE8394CD29902BFF00A97450 /* ViewModel */,
				BE8394CC29902BFB00A97450 /* Model */,
				BE8394CF29902C0F00A97450 /* Data */,
				BE8CE2A029907E8600C80A8C /* Services */,
				BE8394C229902BA200A97450 /* Assets.xcassets */,
				BE8394C429902BA200A97450 /* Preview Content */,
			);
			path = "CWC-RecipeApp";
			sourceTree = "<group>";
		};
		BE8394C429902BA200A97450 /* Preview Content */ = {
			isa = PBXGroup;
			children = (
				BE8394C529902BA200A97450 /* Preview Assets.xcassets */,
			);
			path = "Preview Content";
			sourceTree = "<group>";
		};
		BE8394CC29902BFB00A97450 /* Model */ = {
			isa = PBXGroup;
			children = (
				BE8CE29A2990797B00C80A8C /* Recipe.swift */,
			);
			path = Model;
			sourceTree = "<group>";
		};
		BE8394CD29902BFF00A97450 /* ViewModel */ = {
			isa = PBXGroup;
			children = (
				BE8CE29E29907BDB00C80A8C /* RecipeModel.swift */,
			);
			path = ViewModel;
			sourceTree = "<group>";
		};
		BE8394CE29902C0600A97450 /* Views */ = {
			isa = PBXGroup;
			children = (
				BE8394C029902BA100A97450 /* ContentView.swift */,
				BEFFE39B29CAA0F4007E5B0C /* RecipeDetailView.swift */,
				18C32A082B4B4D5200B4EBEC /* RecipeTabView.swift */,
			);
			path = Views;
			sourceTree = "<group>";
		};
		BE8394CF29902C0F00A97450 /* Data */ = {
			isa = PBXGroup;
			children = (
				BE8CE29C299079A000C80A8C /* recipes.json */,
			);
			path = Data;
			sourceTree = "<group>";
		};
		BE8CE2A029907E8600C80A8C /* Services */ = {
			isa = PBXGroup;
			children = (
				BE8CE2A129907EA400C80A8C /* DataService.swift */,
			);
			path = Services;
			sourceTree = "<group>";
		};
/* End PBXGroup section */

/* Begin PBXNativeTarget section */
		BE8394BA29902BA100A97450 /* CWC-RecipeApp */ = {
			isa = PBXNativeTarget;
			buildConfigurationList = BE8394C929902BA200A97450 /* Build configuration list for PBXNativeTarget "CWC-RecipeApp" */;
			buildPhases = (
				BE8394B729902BA100A97450 /* Sources */,
				BE8394B829902BA100A97450 /* Frameworks */,
				BE8394B929902BA100A97450 /* Resources */,
			);
			buildRules = (
			);
			dependencies = (
			);
			name = "CWC-RecipeApp";
			productName = "CWC-RecipeApp";
			productReference = BE8394BB29902BA100A97450 /* CWC-RecipeApp.app */;
			productType = "com.apple.product-type.application";
		};
/* End PBXNativeTarget section */

/* Begin PBXProject section */
		BE8394B329902BA100A97450 /* Project object */ = {
			isa = PBXProject;
			attributes = {
				BuildIndependentTargetsInParallel = 1;
				LastSwiftUpdateCheck = 1420;
				LastUpgradeCheck = 1420;
				TargetAttributes = {
					BE8394BA29902BA100A97450 = {
						CreatedOnToolsVersion = 14.2;
					};
				};
			};
			buildConfigurationList = BE8394B629902BA100A97450 /* Build configuration list for PBXProject "CWC-RecipeApp" */;
			compatibilityVersion = "Xcode 13.0";
			developmentRegion = en;
			hasScannedForEncodings = 0;
			knownRegions = (
				en,
				Base,
			);
			mainGroup = BE8394B229902BA100A97450;
			productRefGroup = BE8394BC29902BA100A97450 /* Products */;
			projectDirPath = "";
			projectRoot = "";
			targets = (
				BE8394BA29902BA100A97450 /* CWC-RecipeApp */,
			);
		};
/* End PBXProject section */

/* Begin PBXResourcesBuildPhase section */
		BE8394B929902BA100A97450 /* Resources */ = {
			isa = PBXResourcesBuildPhase;
			buildActionMask = 2147483647;
			files = (
				BE8394C629902BA200A97450 /* Preview Assets.xcassets in Resources */,
				BE8CE29D299079A000C80A8C /* recipes.json in Resources */,
				BE8394C329902BA200A97450 /* Assets.xcassets in Resources */,
			);
			runOnlyForDeploymentPostprocessing = 0;
		};
/* End PBXResourcesBuildPhase section */

/* Begin PBXSourcesBuildPhase section */
		BE8394B729902BA100A97450 /* Sources */ = {
			isa = PBXSourcesBuildPhase;
			buildActionMask = 2147483647;
			files = (
				BE8CE29B2990797B00C80A8C /* Recipe.swift in Sources */,
				BEFFE39C29CAA0F4007E5B0C /* RecipeDetailView.swift in Sources */,
				BE8CE29F29907BDB00C80A8C /* RecipeModel.swift in Sources */,
				BE8394C129902BA100A97450 /* ContentView.swift in Sources */,
				BE8394BF29902BA100A97450 /* CWC_RecipeAppApp.swift in Sources */,
				BE8CE2A229907EA400C80A8C /* DataService.swift in Sources */,
				18C32A092B4B4D5200B4EBEC /* RecipeTabView.swift in Sources */,
			);
			runOnlyForDeploymentPostprocessing = 0;
		};
/* End PBXSourcesBuildPhase section */

/* Begin XCBuildConfiguration section */
		BE8394C729902BA200A97450 /* Debug */ = {
			isa = XCBuildConfiguration;
			buildSettings = {
				ALWAYS_SEARCH_USER_PATHS = NO;
				CLANG_ANALYZER_NONNULL = YES;
				CLANG_ANALYZER_NUMBER_OBJECT_CONVERSION = YES_AGGRESSIVE;
				CLANG_CXX_LANGUAGE_STANDARD = "gnu++20";
				CLANG_ENABLE_MODULES = YES;
				CLANG_ENABLE_OBJC_ARC = YES;
				CLANG_ENABLE_OBJC_WEAK = YES;
				CLANG_WARN_BLOCK_CAPTURE_AUTORELEASING = YES;
				CLANG_WARN_BOOL_CONVERSION = YES;
				CLANG_WARN_COMMA = YES;
				CLANG_WARN_CONSTANT_CONVERSION = YES;
				CLANG_WARN_DEPRECATED_OBJC_IMPLEMENTATIONS = YES;
				CLANG_WARN_DIRECT_OBJC_ISA_USAGE = YES_ERROR;
				CLANG_WARN_DOCUMENTATION_COMMENTS = YES;
				CLANG_WARN_EMPTY_BODY = YES;
				CLANG_WARN_ENUM_CONVERSION = YES;
				CLANG_WARN_INFINITE_RECURSION = YES;
				CLANG_WARN_INT_CONVERSION = YES;
				CLANG_WARN_NON_LITERAL_NULL_CONVERSION = YES;
				CLANG_WARN_OBJC_IMPLICIT_RETAIN_SELF = YES;
				CLANG_WARN_OBJC_LITERAL_CONVERSION = YES;
				CLANG_WARN_OBJC_ROOT_CLASS = YES_ERROR;
				CLANG_WARN_QUOTED_INCLUDE_IN_FRAMEWORK_HEADER = YES;
				CLANG_WARN_RANGE_LOOP_ANALYSIS = YES;
				CLANG_WARN_STRICT_PROTOTYPES = YES;
				CLANG_WARN_SUSPICIOUS_MOVE = YES;
				CLANG_WARN_UNGUARDED_AVAILABILITY = YES_AGGRESSIVE;
				CLANG_WARN_UNREACHABLE_CODE = YES;
				CLANG_WARN__DUPLICATE_METHOD_MATCH = YES;
				COPY_PHASE_STRIP = NO;
				DEBUG_INFORMATION_FORMAT = dwarf;
				ENABLE_STRICT_OBJC_MSGSEND = YES;
				ENABLE_TESTABILITY = YES;
				GCC_C_LANGUAGE_STANDARD = gnu11;
				GCC_DYNAMIC_NO_PIC = NO;
				GCC_NO_COMMON_BLOCKS = YES;
				GCC_OPTIMIZATION_LEVEL = 0;
				GCC_PREPROCESSOR_DEFINITIONS = (
					"DEBUG=1",
					"$(inherited)",
				);
				GCC_WARN_64_TO_32_BIT_CONVERSION = YES;
				GCC_WARN_ABOUT_RETURN_TYPE = YES_ERROR;
				GCC_WARN_UNDECLARED_SELECTOR = YES;
				GCC_WARN_UNINITIALIZED_AUTOS = YES_AGGRESSIVE;
				GCC_WARN_UNUSED_FUNCTION = YES;
				GCC_WARN_UNUSED_VARIABLE = YES;
				IPHONEOS_DEPLOYMENT_TARGET = 16.2;
				MTL_ENABLE_DEBUG_INFO = INCLUDE_SOURCE;
				MTL_FAST_MATH = YES;
				ONLY_ACTIVE_ARCH = YES;
				SDKROOT = iphoneos;
				SWIFT_ACTIVE_COMPILATION_CONDITIONS = DEBUG;
				SWIFT_OPTIMIZATION_LEVEL = "-Onone";
			};
			name = Debug;
		};
		BE8394C829902BA200A97450 /* Release */ = {
			isa = XCBuildConfiguration;
			buildSettings = {
				ALWAYS_SEARCH_USER_PATHS = NO;
				CLANG_ANALYZER_NONNULL = YES;
				CLANG_ANALYZER_NUMBER_OBJECT_CONVERSION = YES_AGGRESSIVE;
				CLANG_CXX_LANGUAGE_STANDARD = "gnu++20";
				CLANG_ENABLE_MODULES = YES;
				CLANG_ENABLE_OBJC_ARC = YES;
				CLANG_ENABLE_OBJC_WEAK = YES;
				CLANG_WARN_BLOCK_CAPTURE_AUTORELEASING = YES;
				CLANG_WARN_BOOL_CONVERSION = YES;
				CLANG_WARN_COMMA = YES;
				CLANG_WARN_CONSTANT_CONVERSION = YES;
				CLANG_WARN_DEPRECATED_OBJC_IMPLEMENTATIONS = YES;
				CLANG_WARN_DIRECT_OBJC_ISA_USAGE = YES_ERROR;
				CLANG_WARN_DOCUMENTATION_COMMENTS = YES;
				CLANG_WARN_EMPTY_BODY = YES;
				CLANG_WARN_ENUM_CONVERSION = YES;
				CLANG_WARN_INFINITE_RECURSION = YES;
				CLANG_WARN_INT_CONVERSION = YES;
				CLANG_WARN_NON_LITERAL_NULL_CONVERSION = YES;
				CLANG_WARN_OBJC_IMPLICIT_RETAIN_SELF = YES;
				CLANG_WARN_OBJC_LITERAL_CONVERSION = YES;
				CLANG_WARN_OBJC_ROOT_CLASS = YES_ERROR;
				CLANG_WARN_QUOTED_INCLUDE_IN_FRAMEWORK_HEADER = YES;
				CLANG_WARN_RANGE_LOOP_ANALYSIS = YES;
				CLANG_WARN_STRICT_PROTOTYPES = YES;
				CLANG_WARN_SUSPICIOUS_MOVE = YES;
				CLANG_WARN_UNGUARDED_AVAILABILITY = YES_AGGRESSIVE;
				CLANG_WARN_UNREACHABLE_CODE = YES;
				CLANG_WARN__DUPLICATE_METHOD_MATCH = YES;
				COPY_PHASE_STRIP = NO;
				DEBUG_INFORMATION_FORMAT = "dwarf-with-dsym";
				ENABLE_NS_ASSERTIONS = NO;
				ENABLE_STRICT_OBJC_MSGSEND = YES;
				GCC_C_LANGUAGE_STANDARD = gnu11;
				GCC_NO_COMMON_BLOCKS = YES;
				GCC_WARN_64_TO_32_BIT_CONVERSION = YES;
				GCC_WARN_ABOUT_RETURN_TYPE = YES_ERROR;
				GCC_WARN_UNDECLARED_SELECTOR = YES;
				GCC_WARN_UNINITIALIZED_AUTOS = YES_AGGRESSIVE;
				GCC_WARN_UNUSED_FUNCTION = YES;
				GCC_WARN_UNUSED_VARIABLE = YES;
				IPHONEOS_DEPLOYMENT_TARGET = 16.2;
				MTL_ENABLE_DEBUG_INFO = NO;
				MTL_FAST_MATH = YES;
				SDKROOT = iphoneos;
				SWIFT_COMPILATION_MODE = wholemodule;
				SWIFT_OPTIMIZATION_LEVEL = "-O";
				VALIDATE_PRODUCT = YES;
			};
			name = Release;
		};
		BE8394CA29902BA200A97450 /* Debug */ = {
			isa = XCBuildConfiguration;
			buildSettings = {
				ASSETCATALOG_COMPILER_APPICON_NAME = AppIcon;
				ASSETCATALOG_COMPILER_GLOBAL_ACCENT_COLOR_NAME = AccentColor;
				CODE_SIGN_STYLE = Automatic;
				CURRENT_PROJECT_VERSION = 1;
				DEVELOPMENT_ASSET_PATHS = "\"CWC-RecipeApp/Preview Content\"";
				DEVELOPMENT_TEAM = 4H433MS2U4;
				ENABLE_PREVIEWS = YES;
				GENERATE_INFOPLIST_FILE = YES;
				INFOPLIST_KEY_UIApplicationSceneManifest_Generation = YES;
				INFOPLIST_KEY_UIApplicationSupportsIndirectInputEvents = YES;
				INFOPLIST_KEY_UILaunchScreen_Generation = YES;
				INFOPLIST_KEY_UISupportedInterfaceOrientations_iPad = "UIInterfaceOrientationPortrait UIInterfaceOrientationPortraitUpsideDown UIInterfaceOrientationLandscapeLeft UIInterfaceOrientationLandscapeRight";
				INFOPLIST_KEY_UISupportedInterfaceOrientations_iPhone = "UIInterfaceOrientationPortrait UIInterfaceOrientationLandscapeLeft UIInterfaceOrientationLandscapeRight";
				IPHONEOS_DEPLOYMENT_TARGET = 14.5;
				LD_RUNPATH_SEARCH_PATHS = (
					"$(inherited)",
					"@executable_path/Frameworks",
				);
				MARKETING_VERSION = 1.0;
				PRODUCT_BUNDLE_IDENTIFIER = "mgonzalez506.CWC-RecipeApp";
				PRODUCT_NAME = "$(TARGET_NAME)";
				SWIFT_EMIT_LOC_STRINGS = YES;
				SWIFT_VERSION = 5.0;
				TARGETED_DEVICE_FAMILY = "1,2";
			};
			name = Debug;
		};
		BE8394CB29902BA200A97450 /* Release */ = {
			isa = XCBuildConfiguration;
			buildSettings = {
				ASSETCATALOG_COMPILER_APPICON_NAME = AppIcon;
				ASSETCATALOG_COMPILER_GLOBAL_ACCENT_COLOR_NAME = AccentColor;
				CODE_SIGN_STYLE = Automatic;
				CURRENT_PROJECT_VERSION = 1;
				DEVELOPMENT_ASSET_PATHS = "\"CWC-RecipeApp/Preview Content\"";
				DEVELOPMENT_TEAM = 4H433MS2U4;
				ENABLE_PREVIEWS = YES;
				GENERATE_INFOPLIST_FILE = YES;
				INFOPLIST_KEY_UIApplicationSceneManifest_Generation = YES;
				INFOPLIST_KEY_UIApplicationSupportsIndirectInputEvents = YES;
				INFOPLIST_KEY_UILaunchScreen_Generation = YES;
				INFOPLIST_KEY_UISupportedInterfaceOrientations_iPad = "UIInterfaceOrientationPortrait UIInterfaceOrientationPortraitUpsideDown UIInterfaceOrientationLandscapeLeft UIInterfaceOrientationLandscapeRight";
				INFOPLIST_KEY_UISupportedInterfaceOrientations_iPhone = "UIInterfaceOrientationPortrait UIInterfaceOrientationLandscapeLeft UIInterfaceOrientationLandscapeRight";
				IPHONEOS_DEPLOYMENT_TARGET = 14.5;
				LD_RUNPATH_SEARCH_PATHS = (
					"$(inherited)",
					"@executable_path/Frameworks",
				);
				MARKETING_VERSION = 1.0;
				PRODUCT_BUNDLE_IDENTIFIER = "mgonzalez506.CWC-RecipeApp";
				PRODUCT_NAME = "$(TARGET_NAME)";
				SWIFT_EMIT_LOC_STRINGS = YES;
				SWIFT_VERSION = 5.0;
				TARGETED_DEVICE_FAMILY = "1,2";
			};
			name = Release;
		};
/* End XCBuildConfiguration section */

/* Begin XCConfigurationList section */
		BE8394B629902BA100A97450 /* Build configuration list for PBXProject "CWC-RecipeApp" */ = {
			isa = XCConfigurationList;
			buildConfigurations = (
				BE8394C729902BA200A97450 /* Debug */,
				BE8394C829902BA200A97450 /* Release */,
			);
			defaultConfigurationIsVisible = 0;
			defaultConfigurationName = Release;
		};
		BE8394C929902BA200A97450 /* Build configuration list for PBXNativeTarget "CWC-RecipeApp" */ = {
			isa = XCConfigurationList;
			buildConfigurations = (
				BE8394CA29902BA200A97450 /* Debug */,
				BE8394CB29902BA200A97450 /* Release */,
			);
			defaultConfigurationIsVisible = 0;
			defaultConfigurationName = Release;
		};
/* End XCConfigurationList section */
	};
	rootObject = BE8394B329902BA100A97450 /* Project object */;
}
